
Microsoft Visual Studio Solution File, Format Version 12.00
# Visual Studio Version 16
VisualStudioVersion = 25.0.1706.3
MinimumVisualStudioVersion = 10.0.40219.1
Project("{FAE04EC0-301F-11D3-BF4B-00C04F79EFBC}") = "Teste-bold", "Teste-bold.csproj", "{948B8B41-CB82-444A-8742-C30355E2D9C7}"
EndProject
Global
	GlobalSection(SolutionConfigurationPlatforms) = preSolution
		Debug|Any CPU = Debug|Any CPU
		Release|Any CPU = Release|Any CPU
	EndGlobalSection
	GlobalSection(ProjectConfigurationPlatforms) = postSolution
		{948B8B41-CB82-444A-8742-C30355E2D9C7}.Debug|Any CPU.ActiveCfg = Debug|Any CPU
		{948B8B41-CB82-444A-8742-C30355E2D9C7}.Debug|Any CPU.Build.0 = Debug|Any CPU
		{948B8B41-CB82-444A-8742-C30355E2D9C7}.Release|Any CPU.ActiveCfg = Release|Any CPU
		{948B8B41-CB82-444A-8742-C30355E2D9C7}.Release|Any CPU.Build.0 = Release|Any CPU
	EndGlobalSection
	GlobalSection(SolutionProperties) = preSolution
		HideSolutionNode = FALSE
	EndGlobalSection
	GlobalSection(ExtensibilityGlobals) = postSolution
		SolutionGuid = {46FC327C-0D44-4D23-A293-7F68D03A22F0}
	EndGlobalSection
EndGlobal
